{
  "version": 4,
  "terraform_version": "1.12.2",
  "serial": 32,
  "lineage": "36bd2663-15b9-e0d4-77bb-756af04dbf0e",
  "outputs": {},
  "resources": [
    {
      "mode": "managed",
      "type": "azurerm_availability_set",
      "name": "rfc_as",
      "provider": "provider[\"registry.terraform.io/hashicorp/azurerm\"]",
      "instances": [
        {
          "schema_version": 0,
          "attributes": {
            "id": "/subscriptions/ff2e33ad-1c3b-47bb-aaa9-891e71715109/resourceGroups/rg-rfc-infra-we/providers/Microsoft.Compute/availabilitySets/as-rfc-infra-we",
            "location": "westeurope",
            "managed": true,
            "name": "as-rfc-infra-we",
            "platform_fault_domain_count": 2,
            "platform_update_domain_count": 2,
            "proximity_placement_group_id": null,
            "resource_group_name": "rg-rfc-infra-we",
            "tags": {},
            "timeouts": null
          },
          "sensitive_attributes": [],
          "identity_schema_version": 0,
          "private": "eyJlMmJmYjczMC1lY2FhLTExZTYtOGY4OC0zNDM2M2JjN2M0YzAiOnsiY3JlYXRlIjoxODAwMDAwMDAwMDAwLCJkZWxldGUiOjE4MDAwMDAwMDAwMDAsInJlYWQiOjMwMDAwMDAwMDAwMCwidXBkYXRlIjoxODAwMDAwMDAwMDAwfX0=",
          "dependencies": [
            "azurerm_resource_group.rfc_rg"
          ]
        }
      ]
    },
    {
      "mode": "managed",
      "type": "azurerm_log_analytics_workspace",
      "name": "rfc_law",
      "provider": "provider[\"registry.terraform.io/hashicorp/azurerm\"]",
      "instances": [
        {
          "schema_version": 3,
          "attributes": {
            "allow_resource_only_permissions": true,
            "cmk_for_query_forced": false,
            "daily_quota_gb": -1,
            "data_collection_rule_id": "",
            "id": "/subscriptions/ff2e33ad-1c3b-47bb-aaa9-891e71715109/resourceGroups/rg-rfc-infra-we/providers/Microsoft.OperationalInsights/workspaces/law-rfc-infra-we",
            "identity": [],
            "immediate_data_purge_on_30_days_enabled": false,
            "internet_ingestion_enabled": true,
            "internet_query_enabled": true,
            "local_authentication_disabled": false,
            "location": "westeurope",
            "name": "law-rfc-infra-we",
            "primary_shared_key": "FDWcpOjQJCD/90mOfaTPzf9IAzL2l/xm0AyKgZ0dE9jtc/Zu9M8DVXOA/5H5Dq5lA28FnsFmr+XDb7nd3hiUFQ==",
            "reservation_capacity_in_gb_per_day": null,
            "resource_group_name": "rg-rfc-infra-we",
            "retention_in_days": 30,
            "secondary_shared_key": "UVwJica3YZLEg/4G4kO1gfyzEaA5vvZLspuysX8bLyl5G/TXQXHW3SsqOfe+prnhB23ylREcyrebxh+vffqVLA==",
            "sku": "PerGB2018",
            "tags": {},
            "timeouts": null,
            "workspace_id": "22fb11a6-0b8d-41e7-b51f-8da1a584eefd"
          },
          "sensitive_attributes": [
            [
              {
                "type": "get_attr",
                "value": "primary_shared_key"
              }
            ],
            [
              {
                "type": "get_attr",
                "value": "secondary_shared_key"
              }
            ]
          ],
          "identity_schema_version": 0,
          "private": "eyJlMmJmYjczMC1lY2FhLTExZTYtOGY4OC0zNDM2M2JjN2M0YzAiOnsiY3JlYXRlIjoxODAwMDAwMDAwMDAwLCJkZWxldGUiOjE4MDAwMDAwMDAwMDAsInJlYWQiOjMwMDAwMDAwMDAwMCwidXBkYXRlIjoxODAwMDAwMDAwMDAwfSwic2NoZW1hX3ZlcnNpb24iOiIzIn0=",
          "dependencies": [
            "azurerm_resource_group.rfc_rg"
          ]
        }
      ]
    },
    {
      "mode": "managed",
      "type": "azurerm_network_interface",
      "name": "ad_nic",
      "provider": "provider[\"registry.terraform.io/hashicorp/azurerm\"]",
      "instances": [
        {
          "schema_version": 0,
          "attributes": {
            "accelerated_networking_enabled": false,
            "applied_dns_servers": [],
            "auxiliary_mode": "",
            "auxiliary_sku": "",
            "dns_servers": [],
            "edge_zone": "",
            "enable_accelerated_networking": false,
            "enable_ip_forwarding": false,
            "id": "/subscriptions/ff2e33ad-1c3b-47bb-aaa9-891e71715109/resourceGroups/rg-rfc-infra-we/providers/Microsoft.Network/networkInterfaces/nic-ad-rfc-infra-we",
            "internal_dns_name_label": "",
            "internal_domain_name_suffix": "nquhavjulenezosphqhdapoq4e.ax.internal.cloudapp.net",
            "ip_configuration": [
              {
                "gateway_load_balancer_frontend_ip_configuration_id": "",
                "name": "ipconfig-ad",
                "primary": true,
                "private_ip_address": "10.0.1.4",
                "private_ip_address_allocation": "Dynamic",
                "private_ip_address_version": "IPv4",
                "public_ip_address_id": "/subscriptions/ff2e33ad-1c3b-47bb-aaa9-891e71715109/resourceGroups/rg-rfc-infra-we/providers/Microsoft.Network/publicIPAddresses/pip-ad-rfc-infra-we",
                "subnet_id": "/subscriptions/ff2e33ad-1c3b-47bb-aaa9-891e71715109/resourceGroups/rg-rfc-infra-we/providers/Microsoft.Network/virtualNetworks/vnet-rfc-infra-we/subnets/snet-ad-rfc-infra-we"
              }
            ],
            "ip_forwarding_enabled": false,
            "location": "westeurope",
            "mac_address": "7C-1E-52-85-E5-6E",
            "name": "nic-ad-rfc-infra-we",
            "private_ip_address": "10.0.1.4",
            "private_ip_addresses": [
              "10.0.1.4"
            ],
            "resource_group_name": "rg-rfc-infra-we",
            "tags": {},
            "timeouts": null,
            "virtual_machine_id": "/subscriptions/ff2e33ad-1c3b-47bb-aaa9-891e71715109/resourceGroups/rg-rfc-infra-we/providers/Microsoft.Compute/virtualMachines/vm-ad-dc-rfc-infra-we"
          },
          "sensitive_attributes": [],
          "identity_schema_version": 0,
          "private": "eyJlMmJmYjczMC1lY2FhLTExZTYtOGY4OC0zNDM2M2JjN2M0YzAiOnsiY3JlYXRlIjoxODAwMDAwMDAwMDAwLCJkZWxldGUiOjE4MDAwMDAwMDAwMDAsInJlYWQiOjMwMDAwMDAwMDAwMCwidXBkYXRlIjoxODAwMDAwMDAwMDAwfX0=",
          "dependencies": [
            "azurerm_public_ip.ad_pip",
            "azurerm_resource_group.rfc_rg",
            "azurerm_subnet.ad_subnet",
            "azurerm_virtual_network.rfc_vnet"
          ]
        }
      ]
    },
    {
      "mode": "managed",
      "type": "azurerm_network_interface",
      "name": "member_nic",
      "provider": "provider[\"registry.terraform.io/hashicorp/azurerm\"]",
      "instances": [
        {
          "schema_version": 0,
          "attributes": {
            "accelerated_networking_enabled": false,
            "applied_dns_servers": [],
            "auxiliary_mode": "",
            "auxiliary_sku": "",
            "dns_servers": [],
            "edge_zone": "",
            "enable_accelerated_networking": false,
            "enable_ip_forwarding": false,
            "id": "/subscriptions/ff2e33ad-1c3b-47bb-aaa9-891e71715109/resourceGroups/rg-rfc-infra-we/providers/Microsoft.Network/networkInterfaces/nic-member-rfc-infra-we",
            "internal_dns_name_label": "",
            "internal_domain_name_suffix": "nquhavjulenezosphqhdapoq4e.ax.internal.cloudapp.net",
            "ip_configuration": [
              {
                "gateway_load_balancer_frontend_ip_configuration_id": "",
                "name": "ipconfig-member",
                "primary": true,
                "private_ip_address": "10.0.2.4",
                "private_ip_address_allocation": "Dynamic",
                "private_ip_address_version": "IPv4",
                "public_ip_address_id": "/subscriptions/ff2e33ad-1c3b-47bb-aaa9-891e71715109/resourceGroups/rg-rfc-infra-we/providers/Microsoft.Network/publicIPAddresses/pip-member-rfc-infra-we",
                "subnet_id": "/subscriptions/ff2e33ad-1c3b-47bb-aaa9-891e71715109/resourceGroups/rg-rfc-infra-we/providers/Microsoft.Network/virtualNetworks/vnet-rfc-infra-we/subnets/snet-member-rfc-infra-we"
              }
            ],
            "ip_forwarding_enabled": false,
            "location": "westeurope",
            "mac_address": "7C-1E-52-27-4B-9C",
            "name": "nic-member-rfc-infra-we",
            "private_ip_address": "10.0.2.4",
            "private_ip_addresses": [
              "10.0.2.4"
            ],
            "resource_group_name": "rg-rfc-infra-we",
            "tags": {},
            "timeouts": null,
            "virtual_machine_id": "/subscriptions/ff2e33ad-1c3b-47bb-aaa9-891e71715109/resourceGroups/rg-rfc-infra-we/providers/Microsoft.Compute/virtualMachines/vm-member01-rfc-infra-we"
          },
          "sensitive_attributes": [],
          "identity_schema_version": 0,
          "private": "eyJlMmJmYjczMC1lY2FhLTExZTYtOGY4OC0zNDM2M2JjN2M0YzAiOnsiY3JlYXRlIjoxODAwMDAwMDAwMDAwLCJkZWxldGUiOjE4MDAwMDAwMDAwMDAsInJlYWQiOjMwMDAwMDAwMDAwMCwidXBkYXRlIjoxODAwMDAwMDAwMDAwfX0=",
          "dependencies": [
            "azurerm_public_ip.member_pip",
            "azurerm_resource_group.rfc_rg",
            "azurerm_subnet.member_subnet",
            "azurerm_virtual_network.rfc_vnet"
          ]
        }
      ]
    },
    {
      "mode": "managed",
      "type": "azurerm_network_security_group",
      "name": "ad_nsg",
      "provider": "provider[\"registry.terraform.io/hashicorp/azurerm\"]",
      "instances": [
        {
          "schema_version": 0,
          "attributes": {
            "id": "/subscriptions/ff2e33ad-1c3b-47bb-aaa9-891e71715109/resourceGroups/rg-rfc-infra-we/providers/Microsoft.Network/networkSecurityGroups/nsg-ad-rfc-infra-we",
            "location": "westeurope",
            "name": "nsg-ad-rfc-infra-we",
            "resource_group_name": "rg-rfc-infra-we",
            "security_rule": [
              {
                "access": "Allow",
                "description": "",
                "destination_address_prefix": "*",
                "destination_address_prefixes": [],
                "destination_application_security_group_ids": [],
                "destination_port_range": "3389",
                "destination_port_ranges": [],
                "direction": "Inbound",
                "name": "Allow_RDP",
                "priority": 1000,
                "protocol": "Tcp",
                "source_address_prefix": "*",
                "source_address_prefixes": [],
                "source_application_security_group_ids": [],
                "source_port_range": "*",
                "source_port_ranges": []
              },
              {
                "access": "Allow",
                "description": "",
                "destination_address_prefix": "*",
                "destination_address_prefixes": [],
                "destination_application_security_group_ids": [],
                "destination_port_range": "389",
                "destination_port_ranges": [],
                "direction": "Inbound",
                "name": "Allow_LDAP",
                "priority": 1001,
                "protocol": "Tcp",
                "source_address_prefix": "*",
                "source_address_prefixes": [],
                "source_application_security_group_ids": [],
                "source_port_range": "*",
                "source_port_ranges": []
              },
              {
                "access": "Allow",
                "description": "",
                "destination_address_prefix": "*",
                "destination_address_prefixes": [],
                "destination_application_security_group_ids": [],
                "destination_port_range": "88",
                "destination_port_ranges": [],
                "direction": "Inbound",
                "name": "Allow_Kerberos",
                "priority": 1002,
                "protocol": "Tcp",
                "source_address_prefix": "*",
                "source_address_prefixes": [],
                "source_application_security_group_ids": [],
                "source_port_range": "*",
                "source_port_ranges": []
              }
            ],
            "tags": {
              "Environment": "Infrastructure",
              "Project": "RFC-AD-Deployment"
            },
            "timeouts": null
          },
          "sensitive_attributes": [],
          "identity_schema_version": 0,
          "private": "eyJlMmJmYjczMC1lY2FhLTExZTYtOGY4OC0zNDM2M2JjN2M0YzAiOnsiY3JlYXRlIjoxODAwMDAwMDAwMDAwLCJkZWxldGUiOjE4MDAwMDAwMDAwMDAsInJlYWQiOjMwMDAwMDAwMDAwMCwidXBkYXRlIjoxODAwMDAwMDAwMDAwfX0=",
          "dependencies": [
            "azurerm_resource_group.rfc_rg"
          ]
        }
      ]
    },
    {
      "mode": "managed",
      "type": "azurerm_public_ip",
      "name": "ad_pip",
      "provider": "provider[\"registry.terraform.io/hashicorp/azurerm\"]",
      "instances": [
        {
          "schema_version": 0,
          "attributes": {
            "allocation_method": "Static",
            "ddos_protection_mode": "VirtualNetworkInherited",
            "ddos_protection_plan_id": null,
            "domain_name_label": null,
            "edge_zone": "",
            "fqdn": null,
            "id": "/subscriptions/ff2e33ad-1c3b-47bb-aaa9-891e71715109/resourceGroups/rg-rfc-infra-we/providers/Microsoft.Network/publicIPAddresses/pip-ad-rfc-infra-we",
            "idle_timeout_in_minutes": 4,
            "ip_address": "20.16.247.102",
            "ip_tags": {},
            "ip_version": "IPv4",
            "location": "westeurope",
            "name": "pip-ad-rfc-infra-we",
            "public_ip_prefix_id": null,
            "resource_group_name": "rg-rfc-infra-we",
            "reverse_fqdn": null,
            "sku": "Basic",
            "sku_tier": "Regional",
            "tags": {},
            "timeouts": null,
            "zones": []
          },
          "sensitive_attributes": [],
          "identity_schema_version": 0,
          "private": "eyJlMmJmYjczMC1lY2FhLTExZTYtOGY4OC0zNDM2M2JjN2M0YzAiOnsiY3JlYXRlIjoxODAwMDAwMDAwMDAwLCJkZWxldGUiOjE4MDAwMDAwMDAwMDAsInJlYWQiOjMwMDAwMDAwMDAwMCwidXBkYXRlIjoxODAwMDAwMDAwMDAwfX0=",
          "dependencies": [
            "azurerm_resource_group.rfc_rg"
          ]
        }
      ]
    },
    {
      "mode": "managed",
      "type": "azurerm_public_ip",
      "name": "member_pip",
      "provider": "provider[\"registry.terraform.io/hashicorp/azurerm\"]",
      "instances": [
        {
          "schema_version": 0,
          "attributes": {
            "allocation_method": "Static",
            "ddos_protection_mode": "VirtualNetworkInherited",
            "ddos_protection_plan_id": null,
            "domain_name_label": null,
            "edge_zone": "",
            "fqdn": null,
            "id": "/subscriptions/ff2e33ad-1c3b-47bb-aaa9-891e71715109/resourceGroups/rg-rfc-infra-we/providers/Microsoft.Network/publicIPAddresses/pip-member-rfc-infra-we",
            "idle_timeout_in_minutes": 4,
            "ip_address": "108.142.144.72",
            "ip_tags": {},
            "ip_version": "IPv4",
            "location": "westeurope",
            "name": "pip-member-rfc-infra-we",
            "public_ip_prefix_id": null,
            "resource_group_name": "rg-rfc-infra-we",
            "reverse_fqdn": null,
            "sku": "Basic",
            "sku_tier": "Regional",
            "tags": {},
            "timeouts": null,
            "zones": []
          },
          "sensitive_attributes": [],
          "identity_schema_version": 0,
          "private": "eyJlMmJmYjczMC1lY2FhLTExZTYtOGY4OC0zNDM2M2JjN2M0YzAiOnsiY3JlYXRlIjoxODAwMDAwMDAwMDAwLCJkZWxldGUiOjE4MDAwMDAwMDAwMDAsInJlYWQiOjMwMDAwMDAwMDAwMCwidXBkYXRlIjoxODAwMDAwMDAwMDAwfX0=",
          "dependencies": [
            "azurerm_resource_group.rfc_rg"
          ]
        }
      ]
    },
    {
      "mode": "managed",
      "type": "azurerm_resource_group",
      "name": "rfc_rg",
      "provider": "provider[\"registry.terraform.io/hashicorp/azurerm\"]",
      "instances": [
        {
          "schema_version": 0,
          "attributes": {
            "id": "/subscriptions/ff2e33ad-1c3b-47bb-aaa9-891e71715109/resourceGroups/rg-rfc-infra-we",
            "location": "westeurope",
            "managed_by": "",
            "name": "rg-rfc-infra-we",
            "tags": {
              "Environment": "Infrastructure",
              "Owner": "Stagiaire",
              "Project": "RFC-AD-Deployment"
            },
            "timeouts": null
          },
          "sensitive_attributes": [],
          "identity_schema_version": 0,
          "private": "eyJlMmJmYjczMC1lY2FhLTExZTYtOGY4OC0zNDM2M2JjN2M0YzAiOnsiY3JlYXRlIjo1NDAwMDAwMDAwMDAwLCJkZWxldGUiOjU0MDAwMDAwMDAwMDAsInJlYWQiOjMwMDAwMDAwMDAwMCwidXBkYXRlIjo1NDAwMDAwMDAwMDAwfX0="
        }
      ]
    },
    {
      "mode": "managed",
      "type": "azurerm_subnet",
      "name": "ad_subnet",
      "provider": "provider[\"registry.terraform.io/hashicorp/azurerm\"]",
      "instances": [
        {
          "schema_version": 0,
          "attributes": {
            "address_prefixes": [
              "10.0.1.0/24"
            ],
            "default_outbound_access_enabled": true,
            "delegation": [],
            "enforce_private_link_endpoint_network_policies": false,
            "enforce_private_link_service_network_policies": false,
            "id": "/subscriptions/ff2e33ad-1c3b-47bb-aaa9-891e71715109/resourceGroups/rg-rfc-infra-we/providers/Microsoft.Network/virtualNetworks/vnet-rfc-infra-we/subnets/snet-ad-rfc-infra-we",
            "name": "snet-ad-rfc-infra-we",
            "private_endpoint_network_policies": "Enabled",
            "private_endpoint_network_policies_enabled": true,
            "private_link_service_network_policies_enabled": true,
            "resource_group_name": "rg-rfc-infra-we",
            "service_endpoint_policy_ids": [],
            "service_endpoints": [],
            "timeouts": null,
            "virtual_network_name": "vnet-rfc-infra-we"
          },
          "sensitive_attributes": [],
          "identity_schema_version": 0,
          "private": "eyJlMmJmYjczMC1lY2FhLTExZTYtOGY4OC0zNDM2M2JjN2M0YzAiOnsiY3JlYXRlIjoxODAwMDAwMDAwMDAwLCJkZWxldGUiOjE4MDAwMDAwMDAwMDAsInJlYWQiOjMwMDAwMDAwMDAwMCwidXBkYXRlIjoxODAwMDAwMDAwMDAwfX0=",
          "dependencies": [
            "azurerm_resource_group.rfc_rg",
            "azurerm_virtual_network.rfc_vnet"
          ]
        }
      ]
    },
    {
      "mode": "managed",
      "type": "azurerm_subnet",
      "name": "member_subnet",
      "provider": "provider[\"registry.terraform.io/hashicorp/azurerm\"]",
      "instances": [
        {
          "schema_version": 0,
          "attributes": {
            "address_prefixes": [
              "10.0.2.0/24"
            ],
            "default_outbound_access_enabled": true,
            "delegation": [],
            "enforce_private_link_endpoint_network_policies": false,
            "enforce_private_link_service_network_policies": false,
            "id": "/subscriptions/ff2e33ad-1c3b-47bb-aaa9-891e71715109/resourceGroups/rg-rfc-infra-we/providers/Microsoft.Network/virtualNetworks/vnet-rfc-infra-we/subnets/snet-member-rfc-infra-we",
            "name": "snet-member-rfc-infra-we",
            "private_endpoint_network_policies": "Enabled",
            "private_endpoint_network_policies_enabled": true,
            "private_link_service_network_policies_enabled": true,
            "resource_group_name": "rg-rfc-infra-we",
            "service_endpoint_policy_ids": [],
            "service_endpoints": [],
            "timeouts": null,
            "virtual_network_name": "vnet-rfc-infra-we"
          },
          "sensitive_attributes": [],
          "identity_schema_version": 0,
          "private": "eyJlMmJmYjczMC1lY2FhLTExZTYtOGY4OC0zNDM2M2JjN2M0YzAiOnsiY3JlYXRlIjoxODAwMDAwMDAwMDAwLCJkZWxldGUiOjE4MDAwMDAwMDAwMDAsInJlYWQiOjMwMDAwMDAwMDAwMCwidXBkYXRlIjoxODAwMDAwMDAwMDAwfX0=",
          "dependencies": [
            "azurerm_resource_group.rfc_rg",
            "azurerm_virtual_network.rfc_vnet"
          ]
        }
      ]
    },
    {
      "mode": "managed",
      "type": "azurerm_subnet_network_security_group_association",
      "name": "ad_nsg_assoc",
      "provider": "provider[\"registry.terraform.io/hashicorp/azurerm\"]",
      "instances": [
        {
          "schema_version": 0,
          "attributes": {
            "id": "/subscriptions/ff2e33ad-1c3b-47bb-aaa9-891e71715109/resourceGroups/rg-rfc-infra-we/providers/Microsoft.Network/virtualNetworks/vnet-rfc-infra-we/subnets/snet-ad-rfc-infra-we",
            "network_security_group_id": "/subscriptions/ff2e33ad-1c3b-47bb-aaa9-891e71715109/resourceGroups/rg-rfc-infra-we/providers/Microsoft.Network/networkSecurityGroups/nsg-ad-rfc-infra-we",
            "subnet_id": "/subscriptions/ff2e33ad-1c3b-47bb-aaa9-891e71715109/resourceGroups/rg-rfc-infra-we/providers/Microsoft.Network/virtualNetworks/vnet-rfc-infra-we/subnets/snet-ad-rfc-infra-we",
            "timeouts": null
          },
          "sensitive_attributes": [],
          "identity_schema_version": 0,
          "private": "eyJlMmJmYjczMC1lY2FhLTExZTYtOGY4OC0zNDM2M2JjN2M0YzAiOnsiY3JlYXRlIjoxODAwMDAwMDAwMDAwLCJkZWxldGUiOjE4MDAwMDAwMDAwMDAsInJlYWQiOjMwMDAwMDAwMDAwMH19",
          "dependencies": [
            "azurerm_network_security_group.ad_nsg",
            "azurerm_resource_group.rfc_rg",
            "azurerm_subnet.ad_subnet",
            "azurerm_virtual_network.rfc_vnet"
          ]
        }
      ]
    },
    {
      "mode": "managed",
      "type": "azurerm_virtual_machine",
      "name": "ad_vm",
      "provider": "provider[\"registry.terraform.io/hashicorp/azurerm\"]",
      "instances": [
        {
          "schema_version": 0,
          "attributes": {
            "additional_capabilities": [],
            "availability_set_id": "/subscriptions/ff2e33ad-1c3b-47bb-aaa9-891e71715109/resourcegroups/rg-rfc-infra-we/providers/microsoft.compute/availabilitysets/as-rfc-infra-we",
            "boot_diagnostics": [],
            "delete_data_disks_on_termination": false,
            "delete_os_disk_on_termination": false,
            "id": "/subscriptions/ff2e33ad-1c3b-47bb-aaa9-891e71715109/resourceGroups/rg-rfc-infra-we/providers/Microsoft.Compute/virtualMachines/vm-ad-dc-rfc-infra-we",
            "identity": [],
            "license_type": null,
            "location": "westeurope",
            "name": "vm-ad-dc-rfc-infra-we",
            "network_interface_ids": [
              "/subscriptions/ff2e33ad-1c3b-47bb-aaa9-891e71715109/resourceGroups/rg-rfc-infra-we/providers/Microsoft.Network/networkInterfaces/nic-ad-rfc-infra-we"
            ],
            "os_profile": [
              {
                "admin_password": "",
                "admin_username": "rfcadmin",
                "computer_name": "AD-DC01",
                "custom_data": ""
              }
            ],
            "os_profile_linux_config": [],
            "os_profile_secrets": [],
            "os_profile_windows_config": [
              {
                "additional_unattend_config": [],
                "enable_automatic_upgrades": false,
                "provision_vm_agent": true,
                "timezone": "",
                "winrm": []
              }
            ],
            "plan": [],
            "primary_network_interface_id": null,
            "proximity_placement_group_id": null,
            "resource_group_name": "rg-rfc-infra-we",
            "storage_data_disk": [],
            "storage_image_reference": [
              {
                "id": "",
                "offer": "WindowsServer",
                "publisher": "MicrosoftWindowsServer",
                "sku": "2019-Datacenter",
                "version": "latest"
              }
            ],
            "storage_os_disk": [
              {
                "caching": "ReadWrite",
                "create_option": "FromImage",
                "disk_size_gb": 127,
                "image_uri": "",
                "managed_disk_id": "/subscriptions/ff2e33ad-1c3b-47bb-aaa9-891e71715109/resourceGroups/rg-rfc-infra-we/providers/Microsoft.Compute/disks/disk-os-ad-rfc-infra-we",
                "managed_disk_type": "Standard_LRS",
                "name": "disk-os-ad-rfc-infra-we",
                "os_type": "Windows",
                "vhd_uri": "",
                "write_accelerator_enabled": false
              }
            ],
            "tags": {
              "Environment": "Infrastructure",
              "Project": "RFC-AD-Deployment",
              "Role": "DomainController"
            },
            "timeouts": null,
            "vm_size": "Standard_B2s",
            "zones": []
          },
          "sensitive_attributes": [
            [
              {
                "type": "get_attr",
                "value": "os_profile"
              }
            ]
          ],
          "identity_schema_version": 0,
          "private": "eyJlMmJmYjczMC1lY2FhLTExZTYtOGY4OC0zNDM2M2JjN2M0YzAiOnsiY3JlYXRlIjozNjAwMDAwMDAwMDAwLCJkZWxldGUiOjM2MDAwMDAwMDAwMDAsInJlYWQiOjMwMDAwMDAwMDAwMCwidXBkYXRlIjozNjAwMDAwMDAwMDAwfX0=",
          "dependencies": [
            "azurerm_availability_set.rfc_as",
            "azurerm_network_interface.ad_nic",
            "azurerm_public_ip.ad_pip",
            "azurerm_resource_group.rfc_rg",
            "azurerm_subnet.ad_subnet",
            "azurerm_virtual_network.rfc_vnet"
          ]
        }
      ]
    },
    {
      "mode": "managed",
      "type": "azurerm_virtual_machine",
      "name": "member_vm",
      "provider": "provider[\"registry.terraform.io/hashicorp/azurerm\"]",
      "instances": [
        {
          "schema_version": 0,
          "attributes": {
            "additional_capabilities": [],
            "availability_set_id": "/subscriptions/ff2e33ad-1c3b-47bb-aaa9-891e71715109/resourcegroups/rg-rfc-infra-we/providers/microsoft.compute/availabilitysets/as-rfc-infra-we",
            "boot_diagnostics": [],
            "delete_data_disks_on_termination": false,
            "delete_os_disk_on_termination": false,
            "id": "/subscriptions/ff2e33ad-1c3b-47bb-aaa9-891e71715109/resourceGroups/rg-rfc-infra-we/providers/Microsoft.Compute/virtualMachines/vm-member01-rfc-infra-we",
            "identity": [],
            "license_type": null,
            "location": "westeurope",
            "name": "vm-member01-rfc-infra-we",
            "network_interface_ids": [
              "/subscriptions/ff2e33ad-1c3b-47bb-aaa9-891e71715109/resourceGroups/rg-rfc-infra-we/providers/Microsoft.Network/networkInterfaces/nic-member-rfc-infra-we"
            ],
            "os_profile": [
              {
                "admin_password": "",
                "admin_username": "rfcadmin",
                "computer_name": "MEMBER01",
                "custom_data": ""
              }
            ],
            "os_profile_linux_config": [],
            "os_profile_secrets": [],
            "os_profile_windows_config": [
              {
                "additional_unattend_config": [],
                "enable_automatic_upgrades": false,
                "provision_vm_agent": true,
                "timezone": "",
                "winrm": []
              }
            ],
            "plan": [],
            "primary_network_interface_id": null,
            "proximity_placement_group_id": null,
            "resource_group_name": "rg-rfc-infra-we",
            "storage_data_disk": [],
            "storage_image_reference": [
              {
                "id": "",
                "offer": "WindowsServer",
                "publisher": "MicrosoftWindowsServer",
                "sku": "2019-Datacenter",
                "version": "latest"
              }
            ],
            "storage_os_disk": [
              {
                "caching": "ReadWrite",
                "create_option": "FromImage",
                "disk_size_gb": 127,
                "image_uri": "",
                "managed_disk_id": "/subscriptions/ff2e33ad-1c3b-47bb-aaa9-891e71715109/resourceGroups/rg-rfc-infra-we/providers/Microsoft.Compute/disks/disk-os-member-rfc-infra-we",
                "managed_disk_type": "Standard_LRS",
                "name": "disk-os-member-rfc-infra-we",
                "os_type": "Windows",
                "vhd_uri": "",
                "write_accelerator_enabled": false
              }
            ],
            "tags": {
              "Environment": "Infrastructure",
              "Project": "RFC-AD-Deployment",
              "Role": "MemberServer"
            },
            "timeouts": null,
            "vm_size": "Standard_B2s",
            "zones": []
          },
          "sensitive_attributes": [
            [
              {
                "type": "get_attr",
                "value": "os_profile"
              }
            ]
          ],
          "identity_schema_version": 0,
          "private": "eyJlMmJmYjczMC1lY2FhLTExZTYtOGY4OC0zNDM2M2JjN2M0YzAiOnsiY3JlYXRlIjozNjAwMDAwMDAwMDAwLCJkZWxldGUiOjM2MDAwMDAwMDAwMDAsInJlYWQiOjMwMDAwMDAwMDAwMCwidXBkYXRlIjozNjAwMDAwMDAwMDAwfX0=",
          "dependencies": [
            "azurerm_availability_set.rfc_as",
            "azurerm_network_interface.member_nic",
            "azurerm_public_ip.member_pip",
            "azurerm_resource_group.rfc_rg",
            "azurerm_subnet.member_subnet",
            "azurerm_virtual_network.rfc_vnet"
          ]
        }
      ]
    },
    {
      "mode": "managed",
      "type": "azurerm_virtual_machine_extension",
      "name": "ad_monitoring",
      "provider": "provider[\"registry.terraform.io/hashicorp/azurerm\"]",
      "instances": [
        {
          "schema_version": 0,
          "attributes": {
            "auto_upgrade_minor_version": false,
            "automatic_upgrade_enabled": false,
            "failure_suppression_enabled": false,
            "id": "/subscriptions/ff2e33ad-1c3b-47bb-aaa9-891e71715109/resourceGroups/rg-rfc-infra-we/providers/Microsoft.Compute/virtualMachines/vm-ad-dc-rfc-infra-we/extensions/MonitoringAgent",
            "name": "MonitoringAgent",
            "protected_settings": "{\"workspaceKey\":\"FDWcpOjQJCD/90mOfaTPzf9IAzL2l/xm0AyKgZ0dE9jtc/Zu9M8DVXOA/5H5Dq5lA28FnsFmr+XDb7nd3hiUFQ==\"}",
            "protected_settings_from_key_vault": [],
            "provision_after_extensions": [],
            "publisher": "Microsoft.EnterpriseCloud.Monitoring",
            "settings": "{\"workspaceId\":\"22fb11a6-0b8d-41e7-b51f-8da1a584eefd\"}",
            "tags": {},
            "timeouts": null,
            "type": "MicrosoftMonitoringAgent",
            "type_handler_version": "1.0",
            "virtual_machine_id": "/subscriptions/ff2e33ad-1c3b-47bb-aaa9-891e71715109/resourceGroups/rg-rfc-infra-we/providers/Microsoft.Compute/virtualMachines/vm-ad-dc-rfc-infra-we"
          },
          "sensitive_attributes": [
            [
              {
                "type": "get_attr",
                "value": "protected_settings"
              }
            ]
          ],
          "identity_schema_version": 0,
          "private": "eyJlMmJmYjczMC1lY2FhLTExZTYtOGY4OC0zNDM2M2JjN2M0YzAiOnsiY3JlYXRlIjoxODAwMDAwMDAwMDAwLCJkZWxldGUiOjE4MDAwMDAwMDAwMDAsInJlYWQiOjMwMDAwMDAwMDAwMCwidXBkYXRlIjoxODAwMDAwMDAwMDAwfX0=",
          "dependencies": [
            "azurerm_availability_set.rfc_as",
            "azurerm_log_analytics_workspace.rfc_law",
            "azurerm_network_interface.ad_nic",
            "azurerm_public_ip.ad_pip",
            "azurerm_resource_group.rfc_rg",
            "azurerm_subnet.ad_subnet",
            "azurerm_virtual_machine.ad_vm",
            "azurerm_virtual_network.rfc_vnet"
          ]
        }
      ]
    },
    {
      "mode": "managed",
      "type": "azurerm_virtual_machine_extension",
      "name": "member_monitoring",
      "provider": "provider[\"registry.terraform.io/hashicorp/azurerm\"]",
      "instances": [
        {
          "schema_version": 0,
          "attributes": {
            "auto_upgrade_minor_version": false,
            "automatic_upgrade_enabled": false,
            "failure_suppression_enabled": false,
            "id": "/subscriptions/ff2e33ad-1c3b-47bb-aaa9-891e71715109/resourceGroups/rg-rfc-infra-we/providers/Microsoft.Compute/virtualMachines/vm-member01-rfc-infra-we/extensions/MonitoringAgent",
            "name": "MonitoringAgent",
            "protected_settings": "{\"workspaceKey\":\"FDWcpOjQJCD/90mOfaTPzf9IAzL2l/xm0AyKgZ0dE9jtc/Zu9M8DVXOA/5H5Dq5lA28FnsFmr+XDb7nd3hiUFQ==\"}",
            "protected_settings_from_key_vault": [],
            "provision_after_extensions": [],
            "publisher": "Microsoft.EnterpriseCloud.Monitoring",
            "settings": "{\"workspaceId\":\"22fb11a6-0b8d-41e7-b51f-8da1a584eefd\"}",
            "tags": {},
            "timeouts": null,
            "type": "MicrosoftMonitoringAgent",
            "type_handler_version": "1.0",
            "virtual_machine_id": "/subscriptions/ff2e33ad-1c3b-47bb-aaa9-891e71715109/resourceGroups/rg-rfc-infra-we/providers/Microsoft.Compute/virtualMachines/vm-member01-rfc-infra-we"
          },
          "sensitive_attributes": [
            [
              {
                "type": "get_attr",
                "value": "protected_settings"
              }
            ]
          ],
          "identity_schema_version": 0,
          "private": "eyJlMmJmYjczMC1lY2FhLTExZTYtOGY4OC0zNDM2M2JjN2M0YzAiOnsiY3JlYXRlIjoxODAwMDAwMDAwMDAwLCJkZWxldGUiOjE4MDAwMDAwMDAwMDAsInJlYWQiOjMwMDAwMDAwMDAwMCwidXBkYXRlIjoxODAwMDAwMDAwMDAwfX0=",
          "dependencies": [
            "azurerm_availability_set.rfc_as",
            "azurerm_log_analytics_workspace.rfc_law",
            "azurerm_network_interface.member_nic",
            "azurerm_public_ip.member_pip",
            "azurerm_resource_group.rfc_rg",
            "azurerm_subnet.member_subnet",
            "azurerm_virtual_machine.member_vm",
            "azurerm_virtual_network.rfc_vnet"
          ]
        }
      ]
    },
    {
      "mode": "managed",
      "type": "azurerm_virtual_network",
      "name": "rfc_vnet",
      "provider": "provider[\"registry.terraform.io/hashicorp/azurerm\"]",
      "instances": [
        {
          "schema_version": 0,
          "attributes": {
            "address_space": [
              "10.0.0.0/16"
            ],
            "bgp_community": "",
            "ddos_protection_plan": [],
            "dns_servers": [],
            "edge_zone": "",
            "encryption": [],
            "flow_timeout_in_minutes": 0,
            "guid": "5570286c-5934-4c1a-ba4f-3c0e303dd0f4",
            "id": "/subscriptions/ff2e33ad-1c3b-47bb-aaa9-891e71715109/resourceGroups/rg-rfc-infra-we/providers/Microsoft.Network/virtualNetworks/vnet-rfc-infra-we",
            "location": "westeurope",
            "name": "vnet-rfc-infra-we",
            "resource_group_name": "rg-rfc-infra-we",
            "subnet": [
              {
                "address_prefix": "10.0.1.0/24",
                "id": "/subscriptions/ff2e33ad-1c3b-47bb-aaa9-891e71715109/resourceGroups/rg-rfc-infra-we/providers/Microsoft.Network/virtualNetworks/vnet-rfc-infra-we/subnets/snet-ad-rfc-infra-we",
                "name": "snet-ad-rfc-infra-we",
                "security_group": "/subscriptions/ff2e33ad-1c3b-47bb-aaa9-891e71715109/resourceGroups/rg-rfc-infra-we/providers/Microsoft.Network/networkSecurityGroups/nsg-ad-rfc-infra-we"
              },
              {
                "address_prefix": "10.0.2.0/24",
                "id": "/subscriptions/ff2e33ad-1c3b-47bb-aaa9-891e71715109/resourceGroups/rg-rfc-infra-we/providers/Microsoft.Network/virtualNetworks/vnet-rfc-infra-we/subnets/snet-member-rfc-infra-we",
                "name": "snet-member-rfc-infra-we",
                "security_group": ""
              }
            ],
            "tags": {
              "Environment": "Infrastructure",
              "Project": "RFC-AD-Deployment"
            },
            "timeouts": null
          },
          "sensitive_attributes": [],
          "identity_schema_version": 0,
          "private": "eyJlMmJmYjczMC1lY2FhLTExZTYtOGY4OC0zNDM2M2JjN2M0YzAiOnsiY3JlYXRlIjoxODAwMDAwMDAwMDAwLCJkZWxldGUiOjE4MDAwMDAwMDAwMDAsInJlYWQiOjMwMDAwMDAwMDAwMCwidXBkYXRlIjoxODAwMDAwMDAwMDAwfX0=",
          "dependencies": [
            "azurerm_resource_group.rfc_rg"
          ]
        }
      ]
    }
  ],
  "check_results": null
}